
Microsoft Visual Studio Solution File, Format Version 11.00
# Visual Studio 2010
# SharpDevelop 4.3
Project("{FAE04EC0-301F-11D3-BF4B-00C04F79EFBC}") = "SERVER", "TINH TONG 2 SO - ANTT\SERVER.csproj", "{516E39F8-2282-4C0C-9C07-2F92C10C2FF1}"
EndProject
Project("{FAE04EC0-301F-11D3-BF4B-00C04F79EFBC}") = "CLIENT", "CLIENT\CLIENT.csproj", "{B710F9A4-688E-4FDB-B553-159AC244026D}"
EndProject
Global
	GlobalSection(SolutionConfigurationPlatforms) = preSolution
		Debug|Any CPU = Debug|Any CPU
		Release|Any CPU = Release|Any CPU
	EndGlobalSection
	GlobalSection(ProjectConfigurationPlatforms) = postSolution
		{516E39F8-2282-4C0C-9C07-2F92C10C2FF1}.Debug|Any CPU.Build.0 = Debug|Any CPU
		{516E39F8-2282-4C0C-9C07-2F92C10C2FF1}.Debug|Any CPU.ActiveCfg = Debug|Any CPU
		{516E39F8-2282-4C0C-9C07-2F92C10C2FF1}.Release|Any CPU.Build.0 = Release|Any CPU
		{516E39F8-2282-4C0C-9C07-2F92C10C2FF1}.Release|Any CPU.ActiveCfg = Release|Any CPU
		{B710F9A4-688E-4FDB-B553-159AC244026D}.Debug|Any CPU.Build.0 = Debug|Any CPU
		{B710F9A4-688E-4FDB-B553-159AC244026D}.Debug|Any CPU.ActiveCfg = Debug|Any CPU
		{B710F9A4-688E-4FDB-B553-159AC244026D}.Release|Any CPU.Build.0 = Release|Any CPU
		{B710F9A4-688E-4FDB-B553-159AC244026D}.Release|Any CPU.ActiveCfg = Release|Any CPU
	EndGlobalSection
EndGlobal
